// !$*UTF8*$!
{
	archiveVersion = 1;
	classes = {
	};
	objectVersion = 46;
	objects = {

/* Begin PBXBuildFile section */
		96AD62331D49B0DD005C2630 /* hash_map.c in Sources */ = {isa = PBXBuildFile; fileRef = 96AD62301D49B0DD005C2630 /* hash_map.c */; };
		96AD62351D49B0DD005C2630 /* travel_server.c in Sources */ = {isa = PBXBuildFile; fileRef = 96AD62321D49B0DD005C2630 /* travel_server.c */; };
/* End PBXBuildFile section */

/* Begin PBXCopyFilesBuildPhase section */
		96292CBE1D49A8090050FFF5 /* CopyFiles */ = {
			isa = PBXCopyFilesBuildPhase;
			buildActionMask = 2147483647;
			dstPath = /usr/share/man/man1/;
			dstSubfolderSpec = 0;
			files = (
			);
			runOnlyForDeploymentPostprocessing = 1;
		};
/* End PBXCopyFilesBuildPhase section */

/* Begin PBXFileReference section */
		96292CC01D49A8090050FFF5 /* travel-agency */ = {isa = PBXFileReference; explicitFileType = "compiled.mach-o.executable"; includeInIndex = 0; path = "travel-agency"; sourceTree = BUILT_PRODUCTS_DIR; };
		96AD622F1D49B0DD005C2630 /* hash_map.h */ = {isa = PBXFileReference; fileEncoding = 4; lastKnownFileType = sourcecode.c.h; path = hash_map.h; sourceTree = "<group>"; };
		96AD62301D49B0DD005C2630 /* hash_map.c */ = {isa = PBXFileReference; fileEncoding = 4; lastKnownFileType = sourcecode.c.c; path = hash_map.c; sourceTree = "<group>"; };
		96AD62321D49B0DD005C2630 /* travel_server.c */ = {isa = PBXFileReference; fileEncoding = 4; lastKnownFileType = sourcecode.c.c; path = travel_server.c; sourceTree = "<group>"; };
/* End PBXFileReference section */

/* Begin PBXFrameworksBuildPhase section */
		96292CBD1D49A8090050FFF5 /* Frameworks */ = {
			isa = PBXFrameworksBuildPhase;
			buildActionMask = 2147483647;
			files = (
			);
			runOnlyForDeploymentPostprocessing = 0;
		};
/* End PBXFrameworksBuildPhase section */

/* Begin PBXGroup section */
		96292CB71D49A8090050FFF5 = {
			isa = PBXGroup;
			children = (
				96292CC21D49A8090050FFF5 /* travel-agency */,
				96292CC11D49A8090050FFF5 /* Products */,
			);
			sourceTree = "<group>";
		};
		96292CC11D49A8090050FFF5 /* Products */ = {
			isa = PBXGroup;
			children = (
				96292CC01D49A8090050FFF5 /* travel-agency */,
			);
			name = Products;
			sourceTree = "<group>";
		};
		96292CC21D49A8090050FFF5 /* travel-agency */ = {
			isa = PBXGroup;
			children = (
				96AD622F1D49B0DD005C2630 /* hash_map.h */,
				96AD62301D49B0DD005C2630 /* hash_map.c */,
				96AD62321D49B0DD005C2630 /* travel_server.c */,
			);
			path = "travel-agency";
			sourceTree = "<group>";
		};
/* End PBXGroup section */

/* Begin PBXNativeTarget section */
		96292CBF1D49A8090050FFF5 /* travel-agency */ = {
			isa = PBXNativeTarget;
			buildConfigurationList = 96292CC71D49A8090050FFF5 /* Build configuration list for PBXNativeTarget "travel-agency" */;
			buildPhases = (
				96292CBC1D49A8090050FFF5 /* Sources */,
				96292CBD1D49A8090050FFF5 /* Frameworks */,
				96292CBE1D49A8090050FFF5 /* CopyFiles */,
			);
			buildRules = (
			);
			dependencies = (
			);
			name = "travel-agency";
			productName = "travel-agency";
			productReference = 96292CC01D49A8090050FFF5 /* travel-agency */;
			productType = "com.apple.product-type.tool";
		};
/* End PBXNativeTarget section */

/* Begin PBXProject section */
		96292CB81D49A8090050FFF5 /* Project object */ = {
			isa = PBXProject;
			attributes = {
				LastUpgradeCheck = 0730;
				ORGANIZATIONNAME = OpenHID;
				TargetAttributes = {
					96292CBF1D49A8090050FFF5 = {
						CreatedOnToolsVersion = 7.3.1;
					};
				};
			};
			buildConfigurationList = 96292CBB1D49A8090050FFF5 /* Build configuration list for PBXProject "travel-agency" */;
			compatibilityVersion = "Xcode 3.2";
			developmentRegion = English;
			hasScannedForEncodings = 0;
			knownRegions = (
				en,
			);
			mainGroup = 96292CB71D49A8090050FFF5;
			productRefGroup = 96292CC11D49A8090050FFF5 /* Products */;
			projectDirPath = "";
			projectRoot = "";
			targets = (
				96292CBF1D49A8090050FFF5 /* travel-agency */,
			);
		};
/* End PBXProject section */

/* Begin PBXSourcesBuildPhase section */
		96292CBC1D49A8090050FFF5 /* Sources */ = {
			isa = PBXSourcesBuildPhase;
			buildActionMask = 2147483647;
			files = (
				96AD62351D49B0DD005C2630 /* travel_server.c in Sources */,
				96AD62331D49B0DD005C2630 /* hash_map.c in Sources */,
			);
			runOnlyForDeploymentPostprocessing = 0;
		};
/* End PBXSourcesBuildPhase section */

/* Begin XCBuildConfiguration section */
		96292CC51D49A8090050FFF5 /* Debug */ = {
			isa = XCBuildConfiguration;
			buildSettings = {
				ALWAYS_SEARCH_USER_PATHS = NO;
				CLANG_ANALYZER_NONNULL = YES;
				CLANG_CXX_LANGUAGE_STANDARD = "gnu++0x";
				CLANG_CXX_LIBRARY = "libc++";
				CLANG_ENABLE_MODULES = YES;
				CLANG_ENABLE_OBJC_ARC = YES;
				CLANG_WARN_BOOL_CONVERSION = YES;
				CLANG_WARN_CONSTANT_CONVERSION = YES;
				CLANG_WARN_DIRECT_OBJC_ISA_USAGE = YES_ERROR;
				CLANG_WARN_EMPTY_BODY = YES;
				CLANG_WARN_ENUM_CONVERSION = YES;
				CLANG_WARN_INT_CONVERSION = YES;
				CLANG_WARN_OBJC_ROOT_CLASS = YES_ERROR;
				CLANG_WARN_UNREACHABLE_CODE = YES;
				CLANG_WARN__DUPLICATE_METHOD_MATCH = YES;
				CODE_SIGN_IDENTITY = "-";
				COPY_PHASE_STRIP = NO;
				DEBUG_INFORMATION_FORMAT = dwarf;
				ENABLE_STRICT_OBJC_MSGSEND = YES;
				ENABLE_TESTABILITY = YES;
				GCC_C_LANGUAGE_STANDARD = gnu99;
				GCC_DYNAMIC_NO_PIC = NO;
				GCC_NO_COMMON_BLOCKS = YES;
				GCC_OPTIMIZATION_LEVEL = 0;
				GCC_PREPROCESSOR_DEFINITIONS = (
					"DEBUG=1",
					"$(inherited)",
				);
				GCC_WARN_64_TO_32_BIT_CONVERSION = YES;
				GCC_WARN_ABOUT_RETURN_TYPE = YES_ERROR;
				GCC_WARN_UNDECLARED_SELECTOR = YES;
				GCC_WARN_UNINITIALIZED_AUTOS = YES_AGGRESSIVE;
				GCC_WARN_UNUSED_FUNCTION = YES;
				GCC_WARN_UNUSED_VARIABLE = YES;
				MACOSX_DEPLOYMENT_TARGET = 10.11;
				MTL_ENABLE_DEBUG_INFO = YES;
				ONLY_ACTIVE_ARCH = YES;
				SDKROOT = macosx;
			};
			name = Debug;
		};
		96292CC61D49A8090050FFF5 /* Release */ = {
			isa = XCBuildConfiguration;
			buildSettings = {
				ALWAYS_SEARCH_USER_PATHS = NO;
				CLANG_ANALYZER_NONNULL = YES;
				CLANG_CXX_LANGUAGE_STANDARD = "gnu++0x";
				CLANG_CXX_LIBRARY = "libc++";
				CLANG_ENABLE_MODULES = YES;
				CLANG_ENABLE_OBJC_ARC = YES;
				CLANG_WARN_BOOL_CONVERSION = YES;
				CLANG_WARN_CONSTANT_CONVERSION = YES;
				CLANG_WARN_DIRECT_OBJC_ISA_USAGE = YES_ERROR;
				CLANG_WARN_EMPTY_BODY = YES;
				CLANG_WARN_ENUM_CONVERSION = YES;
				CLANG_WARN_INT_CONVERSION = YES;
				CLANG_WARN_OBJC_ROOT_CLASS = YES_ERROR;
				CLANG_WARN_UNREACHABLE_CODE = YES;
				CLANG_WARN__DUPLICATE_METHOD_MATCH = YES;
				CODE_SIGN_IDENTITY = "-";
				COPY_PHASE_STRIP = NO;
				DEBUG_INFORMATION_FORMAT = "dwarf-with-dsym";
				ENABLE_NS_ASSERTIONS = NO;
				ENABLE_STRICT_OBJC_MSGSEND = YES;
				GCC_C_LANGUAGE_STANDARD = gnu99;
				GCC_NO_COMMON_BLOCKS = YES;
				GCC_WARN_64_TO_32_BIT_CONVERSION = YES;
				GCC_WARN_ABOUT_RETURN_TYPE = YES_ERROR;
				GCC_WARN_UNDECLARED_SELECTOR = YES;
				GCC_WARN_UNINITIALIZED_AUTOS = YES_AGGRESSIVE;
				GCC_WARN_UNUSED_FUNCTION = YES;
				GCC_WARN_UNUSED_VARIABLE = YES;
				MACOSX_DEPLOYMENT_TARGET = 10.11;
				MTL_ENABLE_DEBUG_INFO = NO;
				SDKROOT = macosx;
			};
			name = Release;
		};
		96292CC81D49A8090050FFF5 /* Debug */ = {
			isa = XCBuildConfiguration;
			buildSettings = {
				PRODUCT_NAME = "$(TARGET_NAME)";
			};
			name = Debug;
		};
		96292CC91D49A8090050FFF5 /* Release */ = {
			isa = XCBuildConfiguration;
			buildSettings = {
				PRODUCT_NAME = "$(TARGET_NAME)";
			};
			name = Release;
		};
/* End XCBuildConfiguration section */

/* Begin XCConfigurationList section */
		96292CBB1D49A8090050FFF5 /* Build configuration list for PBXProject "travel-agency" */ = {
			isa = XCConfigurationList;
			buildConfigurations = (
				96292CC51D49A8090050FFF5 /* Debug */,
				96292CC61D49A8090050FFF5 /* Release */,
			);
			defaultConfigurationIsVisible = 0;
			defaultConfigurationName = Release;
		};
		96292CC71D49A8090050FFF5 /* Build configuration list for PBXNativeTarget "travel-agency" */ = {
			isa = XCConfigurationList;
			buildConfigurations = (
				96292CC81D49A8090050FFF5 /* Debug */,
				96292CC91D49A8090050FFF5 /* Release */,
			);
			defaultConfigurationIsVisible = 0;
			defaultConfigurationName = Release;
		};
/* End XCConfigurationList section */
	};
	rootObject = 96292CB81D49A8090050FFF5 /* Project object */;
}
